{
  "name": "tubemp3",
  "lockfileVersion": 3,
  "requires": true,
  "packages": {
    "": {
      "dependencies": {
        "@ffmpeg-installer/ffmpeg": "^1.1.0",
        "fluent-ffmpeg": "^2.1.3",
        "node-id3": "^0.2.9",
        "youtubedl-core": "^4.11.7",
        "youtubei.js": "^18.0.0"
      }
    },
    "node_modules/@bufbuild/protobuf": {
      "version": "2.13.0",
      "resolved": "https://registry.npmjs.org/@bufbuild/protobuf/-/protobuf-2.13.0.tgz",
      "integrity": "sha512-acq7c49vxfm1ggJ95P70TX7ABDM0vxr1SYD3BB0o0jnBLB4OAqeHyKuN+cD3w80gXEDQ2zxHpR6CUeA+O/aU9g==",
      "license": "(Apache-2.0 AND BSD-3-Clause)"
    },
    "node_modules/@ffmpeg-installer/darwin-arm64": {
      "version": "4.1.5",
      "resolved": "https://registry.npmjs.org/@ffmpeg-installer/darwin-arm64/-/darwin-arm64-4.1.5.tgz",
      "integrity": "sha512-hYqTiP63mXz7wSQfuqfFwfLOfwwFChUedeCVKkBtl/cliaTM7/ePI9bVzfZ2c+dWu3TqCwLDRWNSJ5pqZl8otA==",
      "cpu": [
        "arm64"
      ],
      "hasInstallScript": true,
      "license": "https://git.ffmpeg.org/gitweb/ffmpeg.git/blob_plain/HEAD:/LICENSE.md",
      "optional": true,
      "os": [
        "darwin"
      ]
    },
    "node_modules/@ffmpeg-installer/darwin-x64": {
      "version": "4.1.0",
      "resolved": "https://registry.npmjs.org/@ffmpeg-installer/darwin-x64/-/darwin-x64-4.1.0.tgz",
      "integrity": "sha512-Z4EyG3cIFjdhlY8wI9aLUXuH8nVt7E9SlMVZtWvSPnm2sm37/yC2CwjUzyCQbJbySnef1tQwGG2Sx+uWhd9IAw==",
      "cpu": [
        "x64"
      ],
      "hasInstallScript": true,
      "license": "LGPL-2.1",
      "optional": true,
      "os": [
        "darwin"
      ]
    },
    "node_modules/@ffmpeg-installer/ffmpeg": {
      "version": "1.1.0",
      "resolved": "https://registry.npmjs.org/@ffmpeg-installer/ffmpeg/-/ffmpeg-1.1.0.tgz",
      "integrity": "sha512-Uq4rmwkdGxIa9A6Bd/VqqYbT7zqh1GrT5/rFwCwKM70b42W5gIjWeVETq6SdcL0zXqDtY081Ws/iJWhr1+xvQg==",
      "license": "LGPL-2.1",
      "optionalDependencies": {
        "@ffmpeg-installer/darwin-arm64": "4.1.5",
        "@ffmpeg-installer/darwin-x64": "4.1.0",
        "@ffmpeg-installer/linux-arm": "4.1.3",
        "@ffmpeg-installer/linux-arm64": "4.1.4",
        "@ffmpeg-installer/linux-ia32": "4.1.0",
        "@ffmpeg-installer/linux-x64": "4.1.0",
        "@ffmpeg-installer/win32-ia32": "4.1.0",
        "@ffmpeg-installer/win32-x64": "4.1.0"
      }
    },
    "node_modules/@ffmpeg-installer/linux-arm": {
      "version": "4.1.3",
      "resolved": "https://registry.npmjs.org/@ffmpeg-installer/linux-arm/-/linux-arm-4.1.3.tgz",
      "integrity": "sha512-NDf5V6l8AfzZ8WzUGZ5mV8O/xMzRag2ETR6+TlGIsMHp81agx51cqpPItXPib/nAZYmo55Bl2L6/WOMI3A5YRg==",
      "cpu": [
        "arm"
      ],
      "hasInstallScript": true,
      "license": "GPLv3",
      "optional": true,
      "os": [
        "linux"
      ]
    },
    "node_modules/@ffmpeg-installer/linux-arm64": {
      "version": "4.1.4",
      "resolved": "https://registry.npmjs.org/@ffmpeg-installer/linux-arm64/-/linux-arm64-4.1.4.tgz",
      "integrity": "sha512-dljEqAOD0oIM6O6DxBW9US/FkvqvQwgJ2lGHOwHDDwu/pX8+V0YsDL1xqHbj1DMX/+nP9rxw7G7gcUvGspSoKg==",
      "cpu": [
        "arm64"
      ],
      "hasInstallScript": true,
      "license": "GPLv3",
      "optional": true,
      "os": [
        "linux"
      ]
    },
    "node_modules/@ffmpeg-installer/linux-ia32": {
      "version": "4.1.0",
      "resolved": "https://registry.npmjs.org/@ffmpeg-installer/linux-ia32/-/linux-ia32-4.1.0.tgz",
      "integrity": "sha512-0LWyFQnPf+Ij9GQGD034hS6A90URNu9HCtQ5cTqo5MxOEc7Rd8gLXrJvn++UmxhU0J5RyRE9KRYstdCVUjkNOQ==",
      "cpu": [
        "ia32"
      ],
      "hasInstallScript": true,
      "license": "GPLv3",
      "optional": true,
      "os": [
        "linux"
      ]
    },
    "node_modules/@ffmpeg-installer/linux-x64": {
      "version": "4.1.0",
      "resolved": "https://registry.npmjs.org/@ffmpeg-installer/linux-x64/-/linux-x64-4.1.0.tgz",
      "integrity": "sha512-Y5BWhGLU/WpQjOArNIgXD3z5mxxdV8c41C+U15nsE5yF8tVcdCGet5zPs5Zy3Ta6bU7haGpIzryutqCGQA/W8A==",
      "cpu": [
        "x64"
      ],
      "hasInstallScript": true,
      "license": "GPLv3",
      "optional": true,
      "os": [
        "linux"
      ]
    },
    "node_modules/@ffmpeg-installer/win32-ia32": {
      "version": "4.1.0",
      "resolved": "https://registry.npmjs.org/@ffmpeg-installer/win32-ia32/-/win32-ia32-4.1.0.tgz",
      "integrity": "sha512-FV2D7RlaZv/lrtdhaQ4oETwoFUsUjlUiasiZLDxhEUPdNDWcH1OU9K1xTvqz+OXLdsmYelUDuBS/zkMOTtlUAw==",
      "cpu": [
        "ia32"
      ],
      "license": "GPLv3",
      "optional": true,
      "os": [
        "win32"
      ]
    },
    "node_modules/@ffmpeg-installer/win32-x64": {
      "version": "4.1.0",
      "resolved": "https://registry.npmjs.org/@ffmpeg-installer/win32-x64/-/win32-x64-4.1.0.tgz",
      "integrity": "sha512-Drt5u2vzDnIONf4ZEkKtFlbvwj6rI3kxw1Ck9fpudmtgaZIHD4ucsWB2lCZBXRxJgXR+2IMSti+4rtM4C4rXgg==",
      "cpu": [
        "x64"
      ],
      "license": "GPLv3",
      "optional": true,
      "os": [
        "win32"
      ]
    },
    "node_modules/async": {
      "version": "0.2.10",
      "resolved": "https://registry.npmjs.org/async/-/async-0.2.10.tgz",
      "integrity": "sha512-eAkdoKxU6/LkKDBzLpT+t6Ff5EtfSF4wx1WfJiPEEV7WNLnDaRXk0oVysiEPm262roaachGexwUv94WhSgN5TQ=="
    },
    "node_modules/fflate": {
      "version": "0.8.3",
      "resolved": "https://registry.npmjs.org/fflate/-/fflate-0.8.3.tgz",
      "integrity": "sha512-tbZNuJrLwGUp3zshBtdy4W+ORxZuIh8a5ilyIEQDC5rY1f3U20JMry0Ll3WBzU58EZKsEuJFXhb5gwv8CsPvgA==",
      "license": "MIT"
    },
    "node_modules/fluent-ffmpeg": {
      "version": "2.1.3",
      "resolved": "https://registry.npmjs.org/fluent-ffmpeg/-/fluent-ffmpeg-2.1.3.tgz",
      "integrity": "sha512-Be3narBNt2s6bsaqP6Jzq91heDgOEaDCJAXcE3qcma/EJBSy5FB4cvO31XBInuAuKBx8Kptf8dkhjK0IOru39Q==",
      "deprecated": "Package no longer supported. Contact Support at https://www.npmjs.com/support for more info.",
      "license": "MIT",
      "dependencies": {
        "async": "^0.2.9",
        "which": "^1.1.1"
      },
      "engines": {
        "node": ">=18"
      }
    },
    "node_modules/iconv-lite": {
      "version": "0.6.2",
      "resolved": "https://registry.npmjs.org/iconv-lite/-/iconv-lite-0.6.2.tgz",
      "integrity": "sha512-2y91h5OpQlolefMPmUlivelittSWy0rP+oYVpn6A7GwVHNE8AWzoYOBNmlwks3LobaJxgHCYZAnyNo2GgpNRNQ==",
      "license": "MIT",
      "dependencies": {
        "safer-buffer": ">= 2.1.2 < 3.0.0"
      },
      "engines": {
        "node": ">=0.10.0"
      }
    },
    "node_modules/isexe": {
      "version": "2.0.0",
      "resolved": "https://registry.npmjs.org/isexe/-/isexe-2.0.0.tgz",
      "integrity": "sha512-RHxMLp9lnKHGHRng9QFhRCMbYAcVpn69smSGcq3f36xjgVVWThj4qqLbTLlq7Ssj8B+fIQ1EuCEGI2lKsyQeIw==",
      "license": "ISC"
    },
    "node_modules/m3u8stream": {
      "version": "0.8.6",
      "resolved": "https://registry.npmjs.org/m3u8stream/-/m3u8stream-0.8.6.tgz",
      "integrity": "sha512-LZj8kIVf9KCphiHmH7sbFQTVe4tOemb202fWwvJwR9W5ENW/1hxJN6ksAWGhQgSBSa3jyWhnjKU1Fw1GaOdbyA==",
      "license": "MIT",
      "dependencies": {
        "miniget": "^4.2.2",
        "sax": "^1.2.4"
      },
      "engines": {
        "node": ">=12"
      }
    },
    "node_modules/meriyah": {
      "version": "7.3.1",
      "resolved": "https://registry.npmjs.org/meriyah/-/meriyah-7.3.1.tgz",
      "integrity": "sha512-642iQ3T0ZBXw+qrFo9m50CsdzSz9Tn0HtSKN3WxWlTXfcHUZwunxU4gMoMDIQzzOhwtkLOLeBs9GXs7NwDI2nA==",
      "license": "ISC",
      "engines": {
        "node": ">=20.0.0"
      }
    },
    "node_modules/miniget": {
      "version": "4.2.3",
      "resolved": "https://registry.npmjs.org/miniget/-/miniget-4.2.3.tgz",
      "integrity": "sha512-SjbDPDICJ1zT+ZvQwK0hUcRY4wxlhhNpHL9nJOB2MEAXRGagTljsO8MEDzQMTFf0Q8g4QNi8P9lEm/g7e+qgzA==",
      "license": "MIT",
      "engines": {
        "node": ">=12"
      }
    },
    "node_modules/node-id3": {
      "version": "0.2.9",
      "resolved": "https://registry.npmjs.org/node-id3/-/node-id3-0.2.9.tgz",
      "integrity": "sha512-dSxhuxrkkGVRgUhDHFxdY0pilzOREcodO01HcZWfaRkCaPWGmo0dOgD8ygyL6ln4Iv4cmfRxAWn1WD9bIB9Bhw==",
      "license": "MIT",
      "dependencies": {
        "iconv-lite": "0.6.2"
      }
    },
    "node_modules/safer-buffer": {
      "version": "2.1.2",
      "resolved": "https://registry.npmjs.org/safer-buffer/-/safer-buffer-2.1.2.tgz",
      "integrity": "sha512-YZo3K82SD7Riyi0E1EQPojLz7kpepnSQI9IyPbHHg1XXXevb5dJI7tpyN2ADxGcQbHG7vcyRHk0cbwqcQriUtg==",
      "license": "MIT"
    },
    "node_modules/sax": {
      "version": "1.6.1",
      "resolved": "https://registry.npmjs.org/sax/-/sax-1.6.1.tgz",
      "integrity": "sha512-42tBVwLWnaQvW5zc4HbZrTuWccECCZfBi92FDuwtqxasH+JbPB3/FOKb1m222K42R4WxuxzzMsTswfzgtSu64Q==",
      "license": "BlueOak-1.0.0",
      "engines": {
        "node": ">=11.0.0"
      }
    },
    "node_modules/which": {
      "version": "1.3.1",
      "resolved": "https://registry.npmjs.org/which/-/which-1.3.1.tgz",
      "integrity": "sha512-HxJdYWq1MTIQbJ3nw0cqssHoTNU267KlrDuGZ1WYlxDStUtKUhOaJmh112/TZmHxxUfuJqPXSOm7tDyas0OSIQ==",
      "license": "ISC",
      "dependencies": {
        "isexe": "^2.0.0"
      },
      "bin": {
        "which": "bin/which"
      }
    },
    "node_modules/youtubedl-core": {
      "version": "4.11.7",
      "resolved": "https://registry.npmjs.org/youtubedl-core/-/youtubedl-core-4.11.7.tgz",
      "integrity": "sha512-UVH0ofK9JFaxgnW41x+NZxkIVHk29AdQIMv9dZXvajrxn4rkwUGSs9oLoH9+3938j0lTL/Fqg5HCH1j3isbmsw==",
      "deprecated": "Package no longer supported. Contact Support at https://www.npmjs.com/support for more info.",
      "license": "MIT",
      "dependencies": {
        "m3u8stream": "^0.8.6",
        "miniget": "^4.2.2",
        "sax": "^1.1.3"
      },
      "engines": {
        "node": ">=12"
      }
    },
    "node_modules/youtubei.js": {
      "version": "18.0.0",
      "resolved": "https://registry.npmjs.org/youtubei.js/-/youtubei.js-18.0.0.tgz",
      "integrity": "sha512-7Tztl5QzNL4nIhiAxa4P/0C8cDDsUe0j4iaUeNiaA+ZfSe/l+HkHxXyoWlQXNW7IPi2n6AW23ysVMJLDh+AwWQ==",
      "funding": [
        "https://github.com/sponsors/LuanRT"
      ],
      "license": "MIT",
      "dependencies": {
        "@bufbuild/protobuf": "^2.0.0",
        "fflate": "^0.8.2",
        "meriyah": "^7.3.1"
      }
    }
  }
}
